// !$*UTF8*$!
{
	archiveVersion = 1;
	classes = {
	};
	objectVersion = 56;
	objects = {

/* Begin PBXBuildFile section */
		3BD0E73B2A7A27BD00DFA169 /* AppDelegate.swift in Sources */ = {isa = PBXBuildFile; fileRef = 3BD0E73A2A7A27BD00DFA169 /* AppDelegate.swift */; };
		3BD0E73D2A7A27BD00DFA169 /* SceneDelegate.swift in Sources */ = {isa = PBXBuildFile; fileRef = 3BD0E73C2A7A27BD00DFA169 /* SceneDelegate.swift */; };
		3BD0E73F2A7A27BD00DFA169 /* ViewController.swift in Sources */ = {isa = PBXBuildFile; fileRef = 3BD0E73E2A7A27BD00DFA169 /* ViewController.swift */; };
		3BD0E7422A7A27BD00DFA169 /* Main.storyboard in Resources */ = {isa = PBXBuildFile; fileRef = 3BD0E7402A7A27BD00DFA169 /* Main.storyboard */; };
		3BD0E7442A7A27BE00DFA169 /* Assets.xcassets in Resources */ = {isa = PBXBuildFile; fileRef = 3BD0E7432A7A27BE00DFA169 /* Assets.xcassets */; };
		3BD0E7472A7A27BE00DFA169 /* LaunchScreen.storyboard in Resources */ = {isa = PBXBuildFile; fileRef = 3BD0E7452A7A27BE00DFA169 /* LaunchScreen.storyboard */; };
		3BD0E74F2A7A284900DFA169 /* 애플.png in Resources */ = {isa = PBXBuildFile; fileRef = 3BD0E74E2A7A284800DFA169 /* 애플.png */; };
		3BD0E7532A7A3ED500DFA169 /* TodoViewController.swift in Sources */ = {isa = PBXBuildFile; fileRef = 3BD0E7522A7A3ED500DFA169 /* TodoViewController.swift */; };
		3BD0E79D2A80E94700DFA169 /* DoneViewController.swift in Sources */ = {isa = PBXBuildFile; fileRef = 3BD0E79C2A80E94700DFA169 /* DoneViewController.swift */; };
/* End PBXBuildFile section */

/* Begin PBXFileReference section */
		3BD0E7372A7A27BD00DFA169 /* todolistapp0802.app */ = {isa = PBXFileReference; explicitFileType = wrapper.application; includeInIndex = 0; path = todolistapp0802.app; sourceTree = BUILT_PRODUCTS_DIR; };
		3BD0E73A2A7A27BD00DFA169 /* AppDelegate.swift */ = {isa = PBXFileReference; lastKnownFileType = sourcecode.swift; path = AppDelegate.swift; sourceTree = "<group>"; };
		3BD0E73C2A7A27BD00DFA169 /* SceneDelegate.swift */ = {isa = PBXFileReference; lastKnownFileType = sourcecode.swift; path = SceneDelegate.swift; sourceTree = "<group>"; };
		3BD0E73E2A7A27BD00DFA169 /* ViewController.swift */ = {isa = PBXFileReference; lastKnownFileType = sourcecode.swift; path = ViewController.swift; sourceTree = "<group>"; };
		3BD0E7412A7A27BD00DFA169 /* Base */ = {isa = PBXFileReference; lastKnownFileType = file.storyboard; name = Base; path = Base.lproj/Main.storyboard; sourceTree = "<group>"; };
		3BD0E7432A7A27BE00DFA169 /* Assets.xcassets */ = {isa = PBXFileReference; lastKnownFileType = folder.assetcatalog; path = Assets.xcassets; sourceTree = "<group>"; };
		3BD0E7462A7A27BE00DFA169 /* Base */ = {isa = PBXFileReference; lastKnownFileType = file.storyboard; name = Base; path = Base.lproj/LaunchScreen.storyboard; sourceTree = "<group>"; };
		3BD0E7482A7A27BE00DFA169 /* Info.plist */ = {isa = PBXFileReference; lastKnownFileType = text.plist.xml; path = Info.plist; sourceTree = "<group>"; };
		3BD0E74E2A7A284800DFA169 /* 애플.png */ = {isa = PBXFileReference; lastKnownFileType = image.png; name = "애플.png"; path = "../../../Desktop/짤 저장소/애플.png"; sourceTree = "<group>"; };
		3BD0E7522A7A3ED500DFA169 /* TodoViewController.swift */ = {isa = PBXFileReference; lastKnownFileType = sourcecode.swift; path = TodoViewController.swift; sourceTree = "<group>"; };
		3BD0E79C2A80E94700DFA169 /* DoneViewController.swift */ = {isa = PBXFileReference; lastKnownFileType = sourcecode.swift; name = DoneViewController.swift; path = ../DoneViewController.swift; sourceTree = "<group>"; };
/* End PBXFileReference section */

/* Begin PBXFrameworksBuildPhase section */
		3BD0E7342A7A27BD00DFA169 /* Frameworks */ = {
			isa = PBXFrameworksBuildPhase;
			buildActionMask = 2147483647;
			files = (
			);
			runOnlyForDeploymentPostprocessing = 0;
		};
/* End PBXFrameworksBuildPhase section */

/* Begin PBXGroup section */
		3BD0E72E2A7A27BD00DFA169 = {
			isa = PBXGroup;
			children = (
				3BD0E7392A7A27BD00DFA169 /* todolistapp0802 */,
				3BD0E7382A7A27BD00DFA169 /* Products */,
			);
			sourceTree = "<group>";
		};
		3BD0E7382A7A27BD00DFA169 /* Products */ = {
			isa = PBXGroup;
			children = (
				3BD0E7372A7A27BD00DFA169 /* todolistapp0802.app */,
			);
			name = Products;
			sourceTree = "<group>";
		};
		3BD0E7392A7A27BD00DFA169 /* todolistapp0802 */ = {
			isa = PBXGroup;
			children = (
				3BD0E73A2A7A27BD00DFA169 /* AppDelegate.swift */,
				3BD0E73C2A7A27BD00DFA169 /* SceneDelegate.swift */,
				3BD0E73E2A7A27BD00DFA169 /* ViewController.swift */,
				3BD0E7522A7A3ED500DFA169 /* TodoViewController.swift */,
				3BD0E79C2A80E94700DFA169 /* DoneViewController.swift */,
				3BD0E7402A7A27BD00DFA169 /* Main.storyboard */,
				3BD0E7432A7A27BE00DFA169 /* Assets.xcassets */,
				3BD0E7452A7A27BE00DFA169 /* LaunchScreen.storyboard */,
				3BD0E7482A7A27BE00DFA169 /* Info.plist */,
				3BD0E74E2A7A284800DFA169 /* 애플.png */,
			);
			path = todolistapp0802;
			sourceTree = "<group>";
		};
/* End PBXGroup section */

/* Begin PBXNativeTarget section */
		3BD0E7362A7A27BD00DFA169 /* todolistapp0802 */ = {
			isa = PBXNativeTarget;
			buildConfigurationList = 3BD0E74B2A7A27BE00DFA169 /* Build configuration list for PBXNativeTarget "todolistapp0802" */;
			buildPhases = (
				3BD0E7332A7A27BD00DFA169 /* Sources */,
				3BD0E7342A7A27BD00DFA169 /* Frameworks */,
				3BD0E7352A7A27BD00DFA169 /* Resources */,
			);
			buildRules = (
			);
			dependencies = (
			);
			name = todolistapp0802;
			productName = todolistapp0802;
			productReference = 3BD0E7372A7A27BD00DFA169 /* todolistapp0802.app */;
			productType = "com.apple.product-type.application";
		};
/* End PBXNativeTarget section */

/* Begin PBXProject section */
		3BD0E72F2A7A27BD00DFA169 /* Project object */ = {
			isa = PBXProject;
			attributes = {
				BuildIndependentTargetsInParallel = 1;
				LastSwiftUpdateCheck = 1430;
				LastUpgradeCheck = 1430;
				TargetAttributes = {
					3BD0E7362A7A27BD00DFA169 = {
						CreatedOnToolsVersion = 14.3.1;
					};
				};
			};
			buildConfigurationList = 3BD0E7322A7A27BD00DFA169 /* Build configuration list for PBXProject "todolistapp0802" */;
			compatibilityVersion = "Xcode 14.0";
			developmentRegion = en;
			hasScannedForEncodings = 0;
			knownRegions = (
				en,
				Base,
			);
			mainGroup = 3BD0E72E2A7A27BD00DFA169;
			productRefGroup = 3BD0E7382A7A27BD00DFA169 /* Products */;
			projectDirPath = "";
			projectRoot = "";
			targets = (
				3BD0E7362A7A27BD00DFA169 /* todolistapp0802 */,
			);
		};
/* End PBXProject section */

/* Begin PBXResourcesBuildPhase section */
		3BD0E7352A7A27BD00DFA169 /* Resources */ = {
			isa = PBXResourcesBuildPhase;
			buildActionMask = 2147483647;
			files = (
				3BD0E74F2A7A284900DFA169 /* 애플.png in Resources */,
				3BD0E7472A7A27BE00DFA169 /* LaunchScreen.storyboard in Resources */,
				3BD0E7442A7A27BE00DFA169 /* Assets.xcassets in Resources */,
				3BD0E7422A7A27BD00DFA169 /* Main.storyboard in Resources */,
			);
			runOnlyForDeploymentPostprocessing = 0;
		};
/* End PBXResourcesBuildPhase section */

/* Begin PBXSourcesBuildPhase section */
		3BD0E7332A7A27BD00DFA169 /* Sources */ = {
			isa = PBXSourcesBuildPhase;
			buildActionMask = 2147483647;
			files = (
				3BD0E7532A7A3ED500DFA169 /* TodoViewController.swift in Sources */,
				3BD0E79D2A80E94700DFA169 /* DoneViewController.swift in Sources */,
				3BD0E73F2A7A27BD00DFA169 /* ViewController.swift in Sources */,
				3BD0E73B2A7A27BD00DFA169 /* AppDelegate.swift in Sources */,
				3BD0E73D2A7A27BD00DFA169 /* SceneDelegate.swift in Sources */,
			);
			runOnlyForDeploymentPostprocessing = 0;
		};
/* End PBXSourcesBuildPhase section */

/* Begin PBXVariantGroup section */
		3BD0E7402A7A27BD00DFA169 /* Main.storyboard */ = {
			isa = PBXVariantGroup;
			children = (
				3BD0E7412A7A27BD00DFA169 /* Base */,
			);
			name = Main.storyboard;
			sourceTree = "<group>";
		};
		3BD0E7452A7A27BE00DFA169 /* LaunchScreen.storyboard */ = {
			isa = PBXVariantGroup;
			children = (
				3BD0E7462A7A27BE00DFA169 /* Base */,
			);
			name = LaunchScreen.storyboard;
			sourceTree = "<group>";
		};
/* End PBXVariantGroup section */

/* Begin XCBuildConfiguration section */
		3BD0E7492A7A27BE00DFA169 /* Debug */ = {
			isa = XCBuildConfiguration;
			buildSettings = {
				ALWAYS_SEARCH_USER_PATHS = NO;
				CLANG_ANALYZER_NONNULL = YES;
				CLANG_ANALYZER_NUMBER_OBJECT_CONVERSION = YES_AGGRESSIVE;
				CLANG_CXX_LANGUAGE_STANDARD = "gnu++20";
				CLANG_ENABLE_MODULES = YES;
				CLANG_ENABLE_OBJC_ARC = YES;
				CLANG_ENABLE_OBJC_WEAK = YES;
				CLANG_WARN_BLOCK_CAPTURE_AUTORELEASING = YES;
				CLANG_WARN_BOOL_CONVERSION = YES;
				CLANG_WARN_COMMA = YES;
				CLANG_WARN_CONSTANT_CONVERSION = YES;
				CLANG_WARN_DEPRECATED_OBJC_IMPLEMENTATIONS = YES;
				CLANG_WARN_DIRECT_OBJC_ISA_USAGE = YES_ERROR;
				CLANG_WARN_DOCUMENTATION_COMMENTS = YES;
				CLANG_WARN_EMPTY_BODY = YES;
				CLANG_WARN_ENUM_CONVERSION = YES;
				CLANG_WARN_INFINITE_RECURSION = YES;
				CLANG_WARN_INT_CONVERSION = YES;
				CLANG_WARN_NON_LITERAL_NULL_CONVERSION = YES;
				CLANG_WARN_OBJC_IMPLICIT_RETAIN_SELF = YES;
				CLANG_WARN_OBJC_LITERAL_CONVERSION = YES;
				CLANG_WARN_OBJC_ROOT_CLASS = YES_ERROR;
				CLANG_WARN_QUOTED_INCLUDE_IN_FRAMEWORK_HEADER = YES;
				CLANG_WARN_RANGE_LOOP_ANALYSIS = YES;
				CLANG_WARN_STRICT_PROTOTYPES = YES;
				CLANG_WARN_SUSPICIOUS_MOVE = YES;
				CLANG_WARN_UNGUARDED_AVAILABILITY = YES_AGGRESSIVE;
				CLANG_WARN_UNREACHABLE_CODE = YES;
				CLANG_WARN__DUPLICATE_METHOD_MATCH = YES;
				COPY_PHASE_STRIP = NO;
				DEBUG_INFORMATION_FORMAT = dwarf;
				ENABLE_STRICT_OBJC_MSGSEND = YES;
				ENABLE_TESTABILITY = YES;
				GCC_C_LANGUAGE_STANDARD = gnu11;
				GCC_DYNAMIC_NO_PIC = NO;
				GCC_NO_COMMON_BLOCKS = YES;
				GCC_OPTIMIZATION_LEVEL = 0;
				GCC_PREPROCESSOR_DEFINITIONS = (
					"DEBUG=1",
					"$(inherited)",
				);
				GCC_WARN_64_TO_32_BIT_CONVERSION = YES;
				GCC_WARN_ABOUT_RETURN_TYPE = YES_ERROR;
				GCC_WARN_UNDECLARED_SELECTOR = YES;
				GCC_WARN_UNINITIALIZED_AUTOS = YES_AGGRESSIVE;
				GCC_WARN_UNUSED_FUNCTION = YES;
				GCC_WARN_UNUSED_VARIABLE = YES;
				IPHONEOS_DEPLOYMENT_TARGET = 16.4;
				MTL_ENABLE_DEBUG_INFO = INCLUDE_SOURCE;
				MTL_FAST_MATH = YES;
				ONLY_ACTIVE_ARCH = YES;
				SDKROOT = iphoneos;
				SWIFT_ACTIVE_COMPILATION_CONDITIONS = DEBUG;
				SWIFT_OPTIMIZATION_LEVEL = "-Onone";
			};
			name = Debug;
		};
		3BD0E74A2A7A27BE00DFA169 /* Release */ = {
			isa = XCBuildConfiguration;
			buildSettings = {
				ALWAYS_SEARCH_USER_PATHS = NO;
				CLANG_ANALYZER_NONNULL = YES;
				CLANG_ANALYZER_NUMBER_OBJECT_CONVERSION = YES_AGGRESSIVE;
				CLANG_CXX_LANGUAGE_STANDARD = "gnu++20";
				CLANG_ENABLE_MODULES = YES;
				CLANG_ENABLE_OBJC_ARC = YES;
				CLANG_ENABLE_OBJC_WEAK = YES;
				CLANG_WARN_BLOCK_CAPTURE_AUTORELEASING = YES;
				CLANG_WARN_BOOL_CONVERSION = YES;
				CLANG_WARN_COMMA = YES;
				CLANG_WARN_CONSTANT_CONVERSION = YES;
				CLANG_WARN_DEPRECATED_OBJC_IMPLEMENTATIONS = YES;
				CLANG_WARN_DIRECT_OBJC_ISA_USAGE = YES_ERROR;
				CLANG_WARN_DOCUMENTATION_COMMENTS = YES;
				CLANG_WARN_EMPTY_BODY = YES;
				CLANG_WARN_ENUM_CONVERSION = YES;
				CLANG_WARN_INFINITE_RECURSION = YES;
				CLANG_WARN_INT_CONVERSION = YES;
				CLANG_WARN_NON_LITERAL_NULL_CONVERSION = YES;
				CLANG_WARN_OBJC_IMPLICIT_RETAIN_SELF = YES;
				CLANG_WARN_OBJC_LITERAL_CONVERSION = YES;
				CLANG_WARN_OBJC_ROOT_CLASS = YES_ERROR;
				CLANG_WARN_QUOTED_INCLUDE_IN_FRAMEWORK_HEADER = YES;
				CLANG_WARN_RANGE_LOOP_ANALYSIS = YES;
				CLANG_WARN_STRICT_PROTOTYPES = YES;
				CLANG_WARN_SUSPICIOUS_MOVE = YES;
				CLANG_WARN_UNGUARDED_AVAILABILITY = YES_AGGRESSIVE;
				CLANG_WARN_UNREACHABLE_CODE = YES;
				CLANG_WARN__DUPLICATE_METHOD_MATCH = YES;
				COPY_PHASE_STRIP = NO;
				DEBUG_INFORMATION_FORMAT = "dwarf-with-dsym";
				ENABLE_NS_ASSERTIONS = NO;
				ENABLE_STRICT_OBJC_MSGSEND = YES;
				GCC_C_LANGUAGE_STANDARD = gnu11;
				GCC_NO_COMMON_BLOCKS = YES;
				GCC_WARN_64_TO_32_BIT_CONVERSION = YES;
				GCC_WARN_ABOUT_RETURN_TYPE = YES_ERROR;
				GCC_WARN_UNDECLARED_SELECTOR = YES;
				GCC_WARN_UNINITIALIZED_AUTOS = YES_AGGRESSIVE;
				GCC_WARN_UNUSED_FUNCTION = YES;
				GCC_WARN_UNUSED_VARIABLE = YES;
				IPHONEOS_DEPLOYMENT_TARGET = 16.4;
				MTL_ENABLE_DEBUG_INFO = NO;
				MTL_FAST_MATH = YES;
				SDKROOT = iphoneos;
				SWIFT_COMPILATION_MODE = wholemodule;
				SWIFT_OPTIMIZATION_LEVEL = "-O";
				VALIDATE_PRODUCT = YES;
			};
			name = Release;
		};
		3BD0E74C2A7A27BE00DFA169 /* Debug */ = {
			isa = XCBuildConfiguration;
			buildSettings = {
				ASSETCATALOG_COMPILER_APPICON_NAME = AppIcon;
				ASSETCATALOG_COMPILER_GLOBAL_ACCENT_COLOR_NAME = AccentColor;
				CODE_SIGN_STYLE = Automatic;
				CURRENT_PROJECT_VERSION = 1;
				GENERATE_INFOPLIST_FILE = YES;
				INFOPLIST_FILE = todolistapp0802/Info.plist;
				INFOPLIST_KEY_UIApplicationSupportsIndirectInputEvents = YES;
				INFOPLIST_KEY_UILaunchStoryboardName = LaunchScreen;
				INFOPLIST_KEY_UIMainStoryboardFile = Main;
				INFOPLIST_KEY_UISupportedInterfaceOrientations_iPad = "UIInterfaceOrientationPortrait UIInterfaceOrientationPortraitUpsideDown UIInterfaceOrientationLandscapeLeft UIInterfaceOrientationLandscapeRight";
				INFOPLIST_KEY_UISupportedInterfaceOrientations_iPhone = "UIInterfaceOrientationPortrait UIInterfaceOrientationLandscapeLeft UIInterfaceOrientationLandscapeRight";
				LD_RUNPATH_SEARCH_PATHS = (
					"$(inherited)",
					"@executable_path/Frameworks",
				);
				MARKETING_VERSION = 1.0;
				PRODUCT_BUNDLE_IDENTIFIER = d.todolistapp0802;
				PRODUCT_NAME = "$(TARGET_NAME)";
				SWIFT_EMIT_LOC_STRINGS = YES;
				SWIFT_VERSION = 5.0;
				TARGETED_DEVICE_FAMILY = "1,2";
			};
			name = Debug;
		};
		3BD0E74D2A7A27BE00DFA169 /* Release */ = {
			isa = XCBuildConfiguration;
			buildSettings = {
				ASSETCATALOG_COMPILER_APPICON_NAME = AppIcon;
				ASSETCATALOG_COMPILER_GLOBAL_ACCENT_COLOR_NAME = AccentColor;
				CODE_SIGN_STYLE = Automatic;
				CURRENT_PROJECT_VERSION = 1;
				GENERATE_INFOPLIST_FILE = YES;
				INFOPLIST_FILE = todolistapp0802/Info.plist;
				INFOPLIST_KEY_UIApplicationSupportsIndirectInputEvents = YES;
				INFOPLIST_KEY_UILaunchStoryboardName = LaunchScreen;
				INFOPLIST_KEY_UIMainStoryboardFile = Main;
				INFOPLIST_KEY_UISupportedInterfaceOrientations_iPad = "UIInterfaceOrientationPortrait UIInterfaceOrientationPortraitUpsideDown UIInterfaceOrientationLandscapeLeft UIInterfaceOrientationLandscapeRight";
				INFOPLIST_KEY_UISupportedInterfaceOrientations_iPhone = "UIInterfaceOrientationPortrait UIInterfaceOrientationLandscapeLeft UIInterfaceOrientationLandscapeRight";
				LD_RUNPATH_SEARCH_PATHS = (
					"$(inherited)",
					"@executable_path/Frameworks",
				);
				MARKETING_VERSION = 1.0;
				PRODUCT_BUNDLE_IDENTIFIER = d.todolistapp0802;
				PRODUCT_NAME = "$(TARGET_NAME)";
				SWIFT_EMIT_LOC_STRINGS = YES;
				SWIFT_VERSION = 5.0;
				TARGETED_DEVICE_FAMILY = "1,2";
			};
			name = Release;
		};
/* End XCBuildConfiguration section */

/* Begin XCConfigurationList section */
		3BD0E7322A7A27BD00DFA169 /* Build configuration list for PBXProject "todolistapp0802" */ = {
			isa = XCConfigurationList;
			buildConfigurations = (
				3BD0E7492A7A27BE00DFA169 /* Debug */,
				3BD0E74A2A7A27BE00DFA169 /* Release */,
			);
			defaultConfigurationIsVisible = 0;
			defaultConfigurationName = Release;
		};
		3BD0E74B2A7A27BE00DFA169 /* Build configuration list for PBXNativeTarget "todolistapp0802" */ = {
			isa = XCConfigurationList;
			buildConfigurations = (
				3BD0E74C2A7A27BE00DFA169 /* Debug */,
				3BD0E74D2A7A27BE00DFA169 /* Release */,
			);
			defaultConfigurationIsVisible = 0;
			defaultConfigurationName = Release;
		};
/* End XCConfigurationList section */
	};
	rootObject = 3BD0E72F2A7A27BD00DFA169 /* Project object */;
}
